
Microsoft Visual Studio Solution File, Format Version 12.00
# Visual Studio 14
VisualStudioVersion = 14.0.25420.1
MinimumVisualStudioVersion = 10.0.40219.1
Project("{FAE04EC0-301F-11D3-BF4B-00C04F79EFBC}") = "Server", "Server\Server.csproj", "{761CF43E-2658-46D7-9159-235390F5BF17}"
EndProject
Project("{FAE04EC0-301F-11D3-BF4B-00C04F79EFBC}") = "Client", "Client\Client\Client.csproj", "{EB331C93-E0AC-4717-92D7-45A461D079CB}"
EndProject
Global
	GlobalSection(SolutionConfigurationPlatforms) = preSolution
		Debug|Any CPU = Debug|Any CPU
		Release|Any CPU = Release|Any CPU
	EndGlobalSection
	GlobalSection(ProjectConfigurationPlatforms) = postSolution
		{761CF43E-2658-46D7-9159-235390F5BF17}.Debug|Any CPU.ActiveCfg = Debug|Any CPU
		{761CF43E-2658-46D7-9159-235390F5BF17}.Debug|Any CPU.Build.0 = Debug|Any CPU
		{761CF43E-2658-46D7-9159-235390F5BF17}.Release|Any CPU.ActiveCfg = Release|Any CPU
		{761CF43E-2658-46D7-9159-235390F5BF17}.Release|Any CPU.Build.0 = Release|Any CPU
		{EB331C93-E0AC-4717-92D7-45A461D079CB}.Debug|Any CPU.ActiveCfg = Debug|Any CPU
		{EB331C93-E0AC-4717-92D7-45A461D079CB}.Debug|Any CPU.Build.0 = Debug|Any CPU
		{EB331C93-E0AC-4717-92D7-45A461D079CB}.Release|Any CPU.ActiveCfg = Release|Any CPU
		{EB331C93-E0AC-4717-92D7-45A461D079CB}.Release|Any CPU.Build.0 = Release|Any CPU
	EndGlobalSection
	GlobalSection(SolutionProperties) = preSolution
		HideSolutionNode = FALSE
	EndGlobalSection
EndGlobal
